
Microsoft Visual Studio Solution File, Format Version 12.00
# 
Project("{FAE04EC0-301F-11D3-BF4B-00C04F79EFBC}") = "AuctionService", "src\AuctionService\AuctionService.csproj", "{A1695255-E93F-476C-91CB-EC2D1617C209}"
EndProject
Project("{2150E333-8FDC-42A3-9474-1A3956D46DE8}") = "src", "src", "{E57C79EA-B7F5-476F-8DE8-B983C5530861}"
EndProject
Project("{FAE04EC0-301F-11D3-BF4B-00C04F79EFBC}") = "SearchService", "src\SearchService\SearchService.csproj", "{27A007BE-8129-46E2-9CDD-1595C5BA85F4}"
EndProject
Global
	GlobalSection(SolutionConfigurationPlatforms) = preSolution
		Debug|Any CPU = Debug|Any CPU
		Release|Any CPU = Release|Any CPU
	EndGlobalSection
	GlobalSection(ProjectConfigurationPlatforms) = postSolution
		{A1695255-E93F-476C-91CB-EC2D1617C209}.Debug|Any CPU.ActiveCfg = Debug|Any CPU
		{A1695255-E93F-476C-91CB-EC2D1617C209}.Debug|Any CPU.Build.0 = Debug|Any CPU
		{A1695255-E93F-476C-91CB-EC2D1617C209}.Release|Any CPU.ActiveCfg = Release|Any CPU
		{A1695255-E93F-476C-91CB-EC2D1617C209}.Release|Any CPU.Build.0 = Release|Any CPU
		{27A007BE-8129-46E2-9CDD-1595C5BA85F4}.Debug|Any CPU.ActiveCfg = Debug|Any CPU
		{27A007BE-8129-46E2-9CDD-1595C5BA85F4}.Debug|Any CPU.Build.0 = Debug|Any CPU
		{27A007BE-8129-46E2-9CDD-1595C5BA85F4}.Release|Any CPU.ActiveCfg = Release|Any CPU
		{27A007BE-8129-46E2-9CDD-1595C5BA85F4}.Release|Any CPU.Build.0 = Release|Any CPU
	EndGlobalSection
	GlobalSection(NestedProjects) = preSolution
		{27A007BE-8129-46E2-9CDD-1595C5BA85F4} = {E57C79EA-B7F5-476F-8DE8-B983C5530861}
	EndGlobalSection
EndGlobal
